// !$*UTF8*$!
{
	archiveVersion = 1;
	classes = {
	};
	objectVersion = 46;
	objects = {

/* Begin PBXBuildFile section */
		090498B257CE743C4E6F1533 /* Pods_HTN17.framework in Frameworks */ = {isa = PBXBuildFile; fileRef = 52DE0ABAF18F78FC25EDB075 /* Pods_HTN17.framework */; };
		1806133E1E45846F00D49747 /* HackerCell.xib in Resources */ = {isa = PBXBuildFile; fileRef = 1806133D1E45846F00D49747 /* HackerCell.xib */; };
		180613401E45849A00D49747 /* HackerCell.swift in Sources */ = {isa = PBXBuildFile; fileRef = 1806133F1E45849A00D49747 /* HackerCell.swift */; };
		188C3B7D1E458E23001210CE /* DetailsViewController.swift in Sources */ = {isa = PBXBuildFile; fileRef = 188C3B7C1E458E23001210CE /* DetailsViewController.swift */; };
		188C3B7F1E459118001210CE /* BigHackerCell.swift in Sources */ = {isa = PBXBuildFile; fileRef = 188C3B7E1E459118001210CE /* BigHackerCell.swift */; };
		188C3B811E459275001210CE /* BigHackerCell.xib in Resources */ = {isa = PBXBuildFile; fileRef = 188C3B801E459275001210CE /* BigHackerCell.xib */; };
		188C3B831E465907001210CE /* SkillsManager.swift in Sources */ = {isa = PBXBuildFile; fileRef = 188C3B821E465907001210CE /* SkillsManager.swift */; };
		18ED2A1A1E45790000CE2054 /* AppDelegate.swift in Sources */ = {isa = PBXBuildFile; fileRef = 18ED2A191E45790000CE2054 /* AppDelegate.swift */; };
		18ED2A1C1E45790000CE2054 /* ViewController.swift in Sources */ = {isa = PBXBuildFile; fileRef = 18ED2A1B1E45790000CE2054 /* ViewController.swift */; };
		18ED2A1F1E45790000CE2054 /* Main.storyboard in Resources */ = {isa = PBXBuildFile; fileRef = 18ED2A1D1E45790000CE2054 /* Main.storyboard */; };
		18ED2A211E45790000CE2054 /* Assets.xcassets in Resources */ = {isa = PBXBuildFile; fileRef = 18ED2A201E45790000CE2054 /* Assets.xcassets */; };
		18ED2A241E45790000CE2054 /* LaunchScreen.storyboard in Resources */ = {isa = PBXBuildFile; fileRef = 18ED2A221E45790000CE2054 /* LaunchScreen.storyboard */; };
		18ED2A2E1E457AE400CE2054 /* DataManager.swift in Sources */ = {isa = PBXBuildFile; fileRef = 18ED2A2D1E457AE400CE2054 /* DataManager.swift */; };
/* End PBXBuildFile section */

/* Begin PBXFileReference section */
		017E3A75C212A8ABBF0A17FC /* Pods-HTN17.release.xcconfig */ = {isa = PBXFileReference; includeInIndex = 1; lastKnownFileType = text.xcconfig; name = "Pods-HTN17.release.xcconfig"; path = "Pods/Target Support Files/Pods-HTN17/Pods-HTN17.release.xcconfig"; sourceTree = "<group>"; };
		1806133D1E45846F00D49747 /* HackerCell.xib */ = {isa = PBXFileReference; fileEncoding = 4; lastKnownFileType = file.xib; path = HackerCell.xib; sourceTree = "<group>"; };
		1806133F1E45849A00D49747 /* HackerCell.swift */ = {isa = PBXFileReference; fileEncoding = 4; lastKnownFileType = sourcecode.swift; path = HackerCell.swift; sourceTree = "<group>"; };
		188C3B7C1E458E23001210CE /* DetailsViewController.swift */ = {isa = PBXFileReference; fileEncoding = 4; lastKnownFileType = sourcecode.swift; path = DetailsViewController.swift; sourceTree = "<group>"; };
		188C3B7E1E459118001210CE /* BigHackerCell.swift */ = {isa = PBXFileReference; fileEncoding = 4; lastKnownFileType = sourcecode.swift; path = BigHackerCell.swift; sourceTree = "<group>"; };
		188C3B801E459275001210CE /* BigHackerCell.xib */ = {isa = PBXFileReference; fileEncoding = 4; lastKnownFileType = file.xib; path = BigHackerCell.xib; sourceTree = "<group>"; };
		188C3B821E465907001210CE /* SkillsManager.swift */ = {isa = PBXFileReference; fileEncoding = 4; lastKnownFileType = sourcecode.swift; path = SkillsManager.swift; sourceTree = "<group>"; };
		18ED2A161E45790000CE2054 /* HTN17.app */ = {isa = PBXFileReference; explicitFileType = wrapper.application; includeInIndex = 0; path = HTN17.app; sourceTree = BUILT_PRODUCTS_DIR; };
		18ED2A191E45790000CE2054 /* AppDelegate.swift */ = {isa = PBXFileReference; lastKnownFileType = sourcecode.swift; path = AppDelegate.swift; sourceTree = "<group>"; };
		18ED2A1B1E45790000CE2054 /* ViewController.swift */ = {isa = PBXFileReference; lastKnownFileType = sourcecode.swift; path = ViewController.swift; sourceTree = "<group>"; };
		18ED2A1E1E45790000CE2054 /* Base */ = {isa = PBXFileReference; lastKnownFileType = file.storyboard; name = Base; path = Base.lproj/Main.storyboard; sourceTree = "<group>"; };
		18ED2A201E45790000CE2054 /* Assets.xcassets */ = {isa = PBXFileReference; lastKnownFileType = folder.assetcatalog; path = Assets.xcassets; sourceTree = "<group>"; };
		18ED2A231E45790000CE2054 /* Base */ = {isa = PBXFileReference; lastKnownFileType = file.storyboard; name = Base; path = Base.lproj/LaunchScreen.storyboard; sourceTree = "<group>"; };
		18ED2A251E45790000CE2054 /* Info.plist */ = {isa = PBXFileReference; lastKnownFileType = text.plist.xml; path = Info.plist; sourceTree = "<group>"; };
		18ED2A2D1E457AE400CE2054 /* DataManager.swift */ = {isa = PBXFileReference; fileEncoding = 4; lastKnownFileType = sourcecode.swift; path = DataManager.swift; sourceTree = "<group>"; };
		52DE0ABAF18F78FC25EDB075 /* Pods_HTN17.framework */ = {isa = PBXFileReference; explicitFileType = wrapper.framework; includeInIndex = 0; path = Pods_HTN17.framework; sourceTree = BUILT_PRODUCTS_DIR; };
		FC02D95E33FD863AB549D30F /* Pods-HTN17.debug.xcconfig */ = {isa = PBXFileReference; includeInIndex = 1; lastKnownFileType = text.xcconfig; name = "Pods-HTN17.debug.xcconfig"; path = "Pods/Target Support Files/Pods-HTN17/Pods-HTN17.debug.xcconfig"; sourceTree = "<group>"; };
/* End PBXFileReference section */

/* Begin PBXFrameworksBuildPhase section */
		18ED2A131E45790000CE2054 /* Frameworks */ = {
			isa = PBXFrameworksBuildPhase;
			buildActionMask = 2147483647;
			files = (
				090498B257CE743C4E6F1533 /* Pods_HTN17.framework in Frameworks */,
			);
			runOnlyForDeploymentPostprocessing = 0;
		};
/* End PBXFrameworksBuildPhase section */

/* Begin PBXGroup section */
		18ED2A0D1E45790000CE2054 = {
			isa = PBXGroup;
			children = (
				18ED2A181E45790000CE2054 /* HTN17 */,
				18ED2A171E45790000CE2054 /* Products */,
				8F141380D8D998F7401067AA /* Pods */,
				D606325A459A108D085B3A7A /* Frameworks */,
			);
			sourceTree = "<group>";
		};
		18ED2A171E45790000CE2054 /* Products */ = {
			isa = PBXGroup;
			children = (
				18ED2A161E45790000CE2054 /* HTN17.app */,
			);
			name = Products;
			sourceTree = "<group>";
		};
		18ED2A181E45790000CE2054 /* HTN17 */ = {
			isa = PBXGroup;
			children = (
				18ED2A191E45790000CE2054 /* AppDelegate.swift */,
				18ED2A1B1E45790000CE2054 /* ViewController.swift */,
				188C3B7C1E458E23001210CE /* DetailsViewController.swift */,
				18ED2A1D1E45790000CE2054 /* Main.storyboard */,
				18ED2A201E45790000CE2054 /* Assets.xcassets */,
				18ED2A221E45790000CE2054 /* LaunchScreen.storyboard */,
				18ED2A251E45790000CE2054 /* Info.plist */,
				18ED2A2D1E457AE400CE2054 /* DataManager.swift */,
				1806133D1E45846F00D49747 /* HackerCell.xib */,
				188C3B801E459275001210CE /* BigHackerCell.xib */,
				1806133F1E45849A00D49747 /* HackerCell.swift */,
				188C3B7E1E459118001210CE /* BigHackerCell.swift */,
				188C3B821E465907001210CE /* SkillsManager.swift */,
			);
			path = HTN17;
			sourceTree = "<group>";
		};
		8F141380D8D998F7401067AA /* Pods */ = {
			isa = PBXGroup;
			children = (
				FC02D95E33FD863AB549D30F /* Pods-HTN17.debug.xcconfig */,
				017E3A75C212A8ABBF0A17FC /* Pods-HTN17.release.xcconfig */,
			);
			name = Pods;
			sourceTree = "<group>";
		};
		D606325A459A108D085B3A7A /* Frameworks */ = {
			isa = PBXGroup;
			children = (
				52DE0ABAF18F78FC25EDB075 /* Pods_HTN17.framework */,
			);
			name = Frameworks;
			sourceTree = "<group>";
		};
/* End PBXGroup section */

/* Begin PBXNativeTarget section */
		18ED2A151E45790000CE2054 /* HTN17 */ = {
			isa = PBXNativeTarget;
			buildConfigurationList = 18ED2A281E45790000CE2054 /* Build configuration list for PBXNativeTarget "HTN17" */;
			buildPhases = (
				4404AAB0F76375AA985ACC2B /* [CP] Check Pods Manifest.lock */,
				18ED2A121E45790000CE2054 /* Sources */,
				18ED2A131E45790000CE2054 /* Frameworks */,
				18ED2A141E45790000CE2054 /* Resources */,
				CFE79310AADDE81F680B3D07 /* [CP] Embed Pods Frameworks */,
				7DCCB763B176BF9ABDC55B25 /* [CP] Copy Pods Resources */,
			);
			buildRules = (
			);
			dependencies = (
			);
			name = HTN17;
			productName = HTN17;
			productReference = 18ED2A161E45790000CE2054 /* HTN17.app */;
			productType = "com.apple.product-type.application";
		};
/* End PBXNativeTarget section */

/* Begin PBXProject section */
		18ED2A0E1E45790000CE2054 /* Project object */ = {
			isa = PBXProject;
			attributes = {
				LastSwiftUpdateCheck = 0820;
				LastUpgradeCheck = 0820;
				ORGANIZATIONNAME = "Yuhui Li";
				TargetAttributes = {
					18ED2A151E45790000CE2054 = {
						CreatedOnToolsVersion = 8.2.1;
						DevelopmentTeam = ZET9SZ3EH2;
						ProvisioningStyle = Automatic;
					};
				};
			};
			buildConfigurationList = 18ED2A111E45790000CE2054 /* Build configuration list for PBXProject "HTN17" */;
			compatibilityVersion = "Xcode 3.2";
			developmentRegion = English;
			hasScannedForEncodings = 0;
			knownRegions = (
				en,
				Base,
			);
			mainGroup = 18ED2A0D1E45790000CE2054;
			productRefGroup = 18ED2A171E45790000CE2054 /* Products */;
			projectDirPath = "";
			projectRoot = "";
			targets = (
				18ED2A151E45790000CE2054 /* HTN17 */,
			);
		};
/* End PBXProject section */

/* Begin PBXResourcesBuildPhase section */
		18ED2A141E45790000CE2054 /* Resources */ = {
			isa = PBXResourcesBuildPhase;
			buildActionMask = 2147483647;
			files = (
				18ED2A241E45790000CE2054 /* LaunchScreen.storyboard in Resources */,
				188C3B811E459275001210CE /* BigHackerCell.xib in Resources */,
				1806133E1E45846F00D49747 /* HackerCell.xib in Resources */,
				18ED2A211E45790000CE2054 /* Assets.xcassets in Resources */,
				18ED2A1F1E45790000CE2054 /* Main.storyboard in Resources */,
			);
			runOnlyForDeploymentPostprocessing = 0;
		};
/* End PBXResourcesBuildPhase section */

/* Begin PBXShellScriptBuildPhase section */
		4404AAB0F76375AA985ACC2B /* [CP] Check Pods Manifest.lock */ = {
			isa = PBXShellScriptBuildPhase;
			buildActionMask = 2147483647;
			files = (
			);
			inputPaths = (
			);
			name = "[CP] Check Pods Manifest.lock";
			outputPaths = (
			);
			runOnlyForDeploymentPostprocessing = 0;
			shellPath = /bin/sh;
			shellScript = "diff \"${PODS_ROOT}/../Podfile.lock\" \"${PODS_ROOT}/Manifest.lock\" > /dev/null\nif [ $? != 0 ] ; then\n    # print error to STDERR\n    echo \"error: The sandbox is not in sync with the Podfile.lock. Run 'pod install' or update your CocoaPods installation.\" >&2\n    exit 1\nfi\n";
			showEnvVarsInLog = 0;
		};
		7DCCB763B176BF9ABDC55B25 /* [CP] Copy Pods Resources */ = {
			isa = PBXShellScriptBuildPhase;
			buildActionMask = 2147483647;
			files = (
			);
			inputPaths = (
			);
			name = "[CP] Copy Pods Resources";
			outputPaths = (
			);
			runOnlyForDeploymentPostprocessing = 0;
			shellPath = /bin/sh;
			shellScript = "\"${SRCROOT}/Pods/Target Support Files/Pods-HTN17/Pods-HTN17-resources.sh\"\n";
			showEnvVarsInLog = 0;
		};
		CFE79310AADDE81F680B3D07 /* [CP] Embed Pods Frameworks */ = {
			isa = PBXShellScriptBuildPhase;
			buildActionMask = 2147483647;
			files = (
			);
			inputPaths = (
			);
			name = "[CP] Embed Pods Frameworks";
			outputPaths = (
			);
			runOnlyForDeploymentPostprocessing = 0;
			shellPath = /bin/sh;
			shellScript = "\"${SRCROOT}/Pods/Target Support Files/Pods-HTN17/Pods-HTN17-frameworks.sh\"\n";
			showEnvVarsInLog = 0;
		};
/* End PBXShellScriptBuildPhase section */

/* Begin PBXSourcesBuildPhase section */
		18ED2A121E45790000CE2054 /* Sources */ = {
			isa = PBXSourcesBuildPhase;
			buildActionMask = 2147483647;
			files = (
				18ED2A1C1E45790000CE2054 /* ViewController.swift in Sources */,
				188C3B831E465907001210CE /* SkillsManager.swift in Sources */,
				180613401E45849A00D49747 /* HackerCell.swift in Sources */,
				18ED2A2E1E457AE400CE2054 /* DataManager.swift in Sources */,
				18ED2A1A1E45790000CE2054 /* AppDelegate.swift in Sources */,
				188C3B7F1E459118001210CE /* BigHackerCell.swift in Sources */,
				188C3B7D1E458E23001210CE /* DetailsViewController.swift in Sources */,
			);
			runOnlyForDeploymentPostprocessing = 0;
		};
/* End PBXSourcesBuildPhase section */

/* Begin PBXVariantGroup section */
		18ED2A1D1E45790000CE2054 /* Main.storyboard */ = {
			isa = PBXVariantGroup;
			children = (
				18ED2A1E1E45790000CE2054 /* Base */,
			);
			name = Main.storyboard;
			sourceTree = "<group>";
		};
		18ED2A221E45790000CE2054 /* LaunchScreen.storyboard */ = {
			isa = PBXVariantGroup;
			children = (
				18ED2A231E45790000CE2054 /* Base */,
			);
			name = LaunchScreen.storyboard;
			sourceTree = "<group>";
		};
/* End PBXVariantGroup section */

/* Begin XCBuildConfiguration section */
		18ED2A261E45790000CE2054 /* Debug */ = {
			isa = XCBuildConfiguration;
			buildSettings = {
				ALWAYS_SEARCH_USER_PATHS = NO;
				CLANG_ANALYZER_NONNULL = YES;
				CLANG_CXX_LANGUAGE_STANDARD = "gnu++0x";
				CLANG_CXX_LIBRARY = "libc++";
				CLANG_ENABLE_MODULES = YES;
				CLANG_ENABLE_OBJC_ARC = YES;
				CLANG_WARN_BOOL_CONVERSION = YES;
				CLANG_WARN_CONSTANT_CONVERSION = YES;
				CLANG_WARN_DIRECT_OBJC_ISA_USAGE = YES_ERROR;
				CLANG_WARN_DOCUMENTATION_COMMENTS = YES;
				CLANG_WARN_EMPTY_BODY = YES;
				CLANG_WARN_ENUM_CONVERSION = YES;
				CLANG_WARN_INFINITE_RECURSION = YES;
				CLANG_WARN_INT_CONVERSION = YES;
				CLANG_WARN_OBJC_ROOT_CLASS = YES_ERROR;
				CLANG_WARN_SUSPICIOUS_MOVE = YES;
				CLANG_WARN_UNREACHABLE_CODE = YES;
				CLANG_WARN__DUPLICATE_METHOD_MATCH = YES;
				"CODE_SIGN_IDENTITY[sdk=iphoneos*]" = "iPhone Developer";
				COPY_PHASE_STRIP = NO;
				DEBUG_INFORMATION_FORMAT = dwarf;
				ENABLE_STRICT_OBJC_MSGSEND = YES;
				ENABLE_TESTABILITY = YES;
				GCC_C_LANGUAGE_STANDARD = gnu99;
				GCC_DYNAMIC_NO_PIC = NO;
				GCC_NO_COMMON_BLOCKS = YES;
				GCC_OPTIMIZATION_LEVEL = 0;
				GCC_PREPROCESSOR_DEFINITIONS = (
					"DEBUG=1",
					"$(inherited)",
				);
				GCC_WARN_64_TO_32_BIT_CONVERSION = YES;
				GCC_WARN_ABOUT_RETURN_TYPE = YES_ERROR;
				GCC_WARN_UNDECLARED_SELECTOR = YES;
				GCC_WARN_UNINITIALIZED_AUTOS = YES_AGGRESSIVE;
				GCC_WARN_UNUSED_FUNCTION = YES;
				GCC_WARN_UNUSED_VARIABLE = YES;
				IPHONEOS_DEPLOYMENT_TARGET = 10.2;
				MTL_ENABLE_DEBUG_INFO = YES;
				ONLY_ACTIVE_ARCH = YES;
				SDKROOT = iphoneos;
				SWIFT_ACTIVE_COMPILATION_CONDITIONS = DEBUG;
				SWIFT_OPTIMIZATION_LEVEL = "-Onone";
			};
			name = Debug;
		};
		18ED2A271E45790000CE2054 /* Release */ = {
			isa = XCBuildConfiguration;
			buildSettings = {
				ALWAYS_SEARCH_USER_PATHS = NO;
				CLANG_ANALYZER_NONNULL = YES;
				CLANG_CXX_LANGUAGE_STANDARD = "gnu++0x";
				CLANG_CXX_LIBRARY = "libc++";
				CLANG_ENABLE_MODULES = YES;
				CLANG_ENABLE_OBJC_ARC = YES;
				CLANG_WARN_BOOL_CONVERSION = YES;
				CLANG_WARN_CONSTANT_CONVERSION = YES;
				CLANG_WARN_DIRECT_OBJC_ISA_USAGE = YES_ERROR;
				CLANG_WARN_DOCUMENTATION_COMMENTS = YES;
				CLANG_WARN_EMPTY_BODY = YES;
				CLANG_WARN_ENUM_CONVERSION = YES;
				CLANG_WARN_INFINITE_RECURSION = YES;
				CLANG_WARN_INT_CONVERSION = YES;
				CLANG_WARN_OBJC_ROOT_CLASS = YES_ERROR;
				CLANG_WARN_SUSPICIOUS_MOVE = YES;
				CLANG_WARN_UNREACHABLE_CODE = YES;
				CLANG_WARN__DUPLICATE_METHOD_MATCH = YES;
				"CODE_SIGN_IDENTITY[sdk=iphoneos*]" = "iPhone Developer";
				COPY_PHASE_STRIP = NO;
				DEBUG_INFORMATION_FORMAT = "dwarf-with-dsym";
				ENABLE_NS_ASSERTIONS = NO;
				ENABLE_STRICT_OBJC_MSGSEND = YES;
				GCC_C_LANGUAGE_STANDARD = gnu99;
				GCC_NO_COMMON_BLOCKS = YES;
				GCC_WARN_64_TO_32_BIT_CONVERSION = YES;
				GCC_WARN_ABOUT_RETURN_TYPE = YES_ERROR;
				GCC_WARN_UNDECLARED_SELECTOR = YES;
				GCC_WARN_UNINITIALIZED_AUTOS = YES_AGGRESSIVE;
				GCC_WARN_UNUSED_FUNCTION = YES;
				GCC_WARN_UNUSED_VARIABLE = YES;
				IPHONEOS_DEPLOYMENT_TARGET = 10.2;
				MTL_ENABLE_DEBUG_INFO = NO;
				SDKROOT = iphoneos;
				SWIFT_OPTIMIZATION_LEVEL = "-Owholemodule";
				VALIDATE_PRODUCT = YES;
			};
			name = Release;
		};
		18ED2A291E45790000CE2054 /* Debug */ = {
			isa = XCBuildConfiguration;
			baseConfigurationReference = FC02D95E33FD863AB549D30F /* Pods-HTN17.debug.xcconfig */;
			buildSettings = {
				ASSETCATALOG_COMPILER_APPICON_NAME = AppIcon;
				DEVELOPMENT_TEAM = ZET9SZ3EH2;
				INFOPLIST_FILE = HTN17/Info.plist;
				IPHONEOS_DEPLOYMENT_TARGET = 10.0;
				LD_RUNPATH_SEARCH_PATHS = "$(inherited) @executable_path/Frameworks";
				PRODUCT_BUNDLE_IDENTIFIER = com.yuhuili.HTN17;
				PRODUCT_NAME = "$(TARGET_NAME)";
				SWIFT_VERSION = 3.0;
			};
			name = Debug;
		};
		18ED2A2A1E45790000CE2054 /* Release */ = {
			isa = XCBuildConfiguration;
			baseConfigurationReference = 017E3A75C212A8ABBF0A17FC /* Pods-HTN17.release.xcconfig */;
			buildSettings = {
				ASSETCATALOG_COMPILER_APPICON_NAME = AppIcon;
				DEVELOPMENT_TEAM = ZET9SZ3EH2;
				INFOPLIST_FILE = HTN17/Info.plist;
				IPHONEOS_DEPLOYMENT_TARGET = 10.0;
				LD_RUNPATH_SEARCH_PATHS = "$(inherited) @executable_path/Frameworks";
				PRODUCT_BUNDLE_IDENTIFIER = com.yuhuili.HTN17;
				PRODUCT_NAME = "$(TARGET_NAME)";
				SWIFT_VERSION = 3.0;
			};
			name = Release;
		};
/* End XCBuildConfiguration section */

/* Begin XCConfigurationList section */
		18ED2A111E45790000CE2054 /* Build configuration list for PBXProject "HTN17" */ = {
			isa = XCConfigurationList;
			buildConfigurations = (
				18ED2A261E45790000CE2054 /* Debug */,
				18ED2A271E45790000CE2054 /* Release */,
			);
			defaultConfigurationIsVisible = 0;
			defaultConfigurationName = Release;
		};
		18ED2A281E45790000CE2054 /* Build configuration list for PBXNativeTarget "HTN17" */ = {
			isa = XCConfigurationList;
			buildConfigurations = (
				18ED2A291E45790000CE2054 /* Debug */,
				18ED2A2A1E45790000CE2054 /* Release */,
			);
			defaultConfigurationIsVisible = 0;
			defaultConfigurationName = Release;
		};
/* End XCConfigurationList section */
	};
	rootObject = 18ED2A0E1E45790000CE2054 /* Project object */;
}
